
Microsoft Visual Studio Solution File, Format Version 12.00
# Visual Studio Version 16
VisualStudioVersion = 16.0.31112.23
MinimumVisualStudioVersion = 10.0.40219.1
Project("{FAE04EC0-301F-11D3-BF4B-00C04F79EFBC}") = "FakeXiecheng.API", "FakeXiecheng.API.csproj", "{1A385CB8-06E6-42CD-8B84-3E61A87E01C7}"
EndProject
Global
	GlobalSection(SolutionConfigurationPlatforms) = preSolution
		Debug|Any CPU = Debug|Any CPU
		Release|Any CPU = Release|Any CPU
	EndGlobalSection
	GlobalSection(ProjectConfigurationPlatforms) = postSolution
		{1A385CB8-06E6-42CD-8B84-3E61A87E01C7}.Debug|Any CPU.ActiveCfg = Debug|Any CPU
		{1A385CB8-06E6-42CD-8B84-3E61A87E01C7}.Debug|Any CPU.Build.0 = Debug|Any CPU
		{1A385CB8-06E6-42CD-8B84-3E61A87E01C7}.Release|Any CPU.ActiveCfg = Release|Any CPU
		{1A385CB8-06E6-42CD-8B84-3E61A87E01C7}.Release|Any CPU.Build.0 = Release|Any CPU
	EndGlobalSection
	GlobalSection(SolutionProperties) = preSolution
		HideSolutionNode = FALSE
	EndGlobalSection
	GlobalSection(ExtensibilityGlobals) = postSolution
		SolutionGuid = {DE6FE2DB-6C9F-4FEF-863C-A6CEF5BA3C8B}
	EndGlobalSection
EndGlobal
